{
  "name": "shallow-goof",
  "version": "0.0.1",
  "lockfileVersion": 2,
  "requires": true,
  "packages": {
    "": {
      "name": "shallow-goof",
      "version": "0.0.1",
      "dependencies": {
        "coffescript": "0.0.1-security",
        "node-uuid": "1.4.0",
        "qs": "0.0.6"
      }
    },
    "node_modules/coffescript": {
      "version": "0.0.1-security",
      "resolved": "https://registry.npmjs.org/coffescript/-/coffescript-0.0.1-security.tgz",
      "integrity": "sha512-VHJ9ut+YjMDk6wgTe/2wW8e2eP8XqAsP7dDQwX6JMsy3ME2swQxU6lME1FZrhB8A01/5H90+0qCA90RF43BHRA=="
    },
    "node_modules/node-uuid": {
      "version": "1.4.0",
      "resolved": "https://registry.npmjs.org/node-uuid/-/node-uuid-1.4.0.tgz",
      "integrity": "sha1-B/myM3Vy/2J1x3Xh1IUT86RdemU=",
      "deprecated": "Use uuid module instead"
    },
    "node_modules/qs": {
      "version": "0.0.6",
      "resolved": "https://registry.npmjs.org/qs/-/qs-0.0.6.tgz",
      "integrity": "sha512-1i8kQcg7L3IYwt9uLfTfAGucLE+wrp7hB+xEGbM0yFp0tbsykoXmSyi+AWn0qdglKMdPzIrzS6w5Ack0ZvkfqQ==",
      "engines": {
        "node": "*"
      }
    }
  },
  "dependencies": {
    "coffescript": {
      "version": "0.0.1-security",
      "resolved": "https://registry.npmjs.org/coffescript/-/coffescript-0.0.1-security.tgz",
      "integrity": "sha512-VHJ9ut+YjMDk6wgTe/2wW8e2eP8XqAsP7dDQwX6JMsy3ME2swQxU6lME1FZrhB8A01/5H90+0qCA90RF43BHRA=="
    },
    "node-uuid": {
      "version": "1.4.0",
      "resolved": "https://registry.npmjs.org/node-uuid/-/node-uuid-1.4.0.tgz",
      "integrity": "sha1-B/myM3Vy/2J1x3Xh1IUT86RdemU="
    },
    "qs": {
      "version": "0.0.6",
      "resolved": "https://registry.npmjs.org/qs/-/qs-0.0.6.tgz",
      "integrity": "sha512-1i8kQcg7L3IYwt9uLfTfAGucLE+wrp7hB+xEGbM0yFp0tbsykoXmSyi+AWn0qdglKMdPzIrzS6w5Ack0ZvkfqQ=="
    }
  }
}
